// !$*UTF8*$!
{
	archiveVersion = 1;
	classes = {
	};
	objectVersion = 77;
	objects = {

/* Begin PBXBuildFile section */
		FA0C73152EF3C30900B6856F /* SwiftUI Essentials.swift in Sources */ = {isa = PBXBuildFile; fileRef = FA0C73142EF3C30900B6856F /* SwiftUI Essentials.swift */; };
		FA0C73182EF3C5AE00B6856F /* ToDoItem.swift in Sources */ = {isa = PBXBuildFile; fileRef = FA0C73172EF3C5AE00B6856F /* ToDoItem.swift */; };
		FA0C731A2EF3C60500B6856F /* ListView.swift in Sources */ = {isa = PBXBuildFile; fileRef = FA0C73192EF3C60500B6856F /* ListView.swift */; };
		FA0C732C2EF3CE5A00B6856F /* StateManagement.swift in Sources */ = {isa = PBXBuildFile; fileRef = FA0C732B2EF3CE5A00B6856F /* StateManagement.swift */; };
		FA0C73312EF3CFB100B6856F /* ToDo list.swift in Sources */ = {isa = PBXBuildFile; fileRef = FA0C73302EF3CFB100B6856F /* ToDo list.swift */; };
		FA0C73332EF3DA4A00B6856F /* StateConcept.swift in Sources */ = {isa = PBXBuildFile; fileRef = FA0C73322EF3DA4A00B6856F /* StateConcept.swift */; };
		FA0C73352EF3DB1000B6856F /* BindingConcept.swift in Sources */ = {isa = PBXBuildFile; fileRef = FA0C73342EF3DB1000B6856F /* BindingConcept.swift */; };
		FA0C733D2EF40B6B00B6856F /* ObservedObjectConcept.swift in Sources */ = {isa = PBXBuildFile; fileRef = FA0C733C2EF40B6B00B6856F /* ObservedObjectConcept.swift */; };
		FA0C733F2EF40C5500B6856F /* StateObjectConcept.swift in Sources */ = {isa = PBXBuildFile; fileRef = FA0C733E2EF40C5500B6856F /* StateObjectConcept.swift */; };
		FA0C73412EF40CE000B6856F /* EnvironmentObjectPassingtoChildView.swift in Sources */ = {isa = PBXBuildFile; fileRef = FA0C73402EF40CE000B6856F /* EnvironmentObjectPassingtoChildView.swift */; };
		FA0C73432EF40FE600B6856F /* EnvironmentConcept.swift in Sources */ = {isa = PBXBuildFile; fileRef = FA0C73422EF40FE600B6856F /* EnvironmentConcept.swift */; };
		FA0C73452EF410F100B6856F /* NavigationView and NavigationLink.swift in Sources */ = {isa = PBXBuildFile; fileRef = FA0C73442EF410F100B6856F /* NavigationView and NavigationLink.swift */; };
		FA0C73472EF4126300B6856F /* Presenting Sheets.swift in Sources */ = {isa = PBXBuildFile; fileRef = FA0C73462EF4126300B6856F /* Presenting Sheets.swift */; };
		FA0C73492EF4148200B6856F /* Programmatic Navigation.swift in Sources */ = {isa = PBXBuildFile; fileRef = FA0C73482EF4148200B6856F /* Programmatic Navigation.swift */; };
		FA0C734B2EF4169700B6856F /* FullScreenCover.swift in Sources */ = {isa = PBXBuildFile; fileRef = FA0C734A2EF4169700B6856F /* FullScreenCover.swift */; };
		FA0C734D2EF417BB00B6856F /* Passing Data Using NavigationLink.swift in Sources */ = {isa = PBXBuildFile; fileRef = FA0C734C2EF417BB00B6856F /* Passing Data Using NavigationLink.swift */; };
		FA0C734F2EF4185700B6856F /* Passing Data Using Sheets.swift in Sources */ = {isa = PBXBuildFile; fileRef = FA0C734E2EF4185700B6856F /* Passing Data Using Sheets.swift */; };
		FA0C73512EF425B200B6856F /* Using EnvironmentObject for Shared Data.swift in Sources */ = {isa = PBXBuildFile; fileRef = FA0C73502EF425B200B6856F /* Using EnvironmentObject for Shared Data.swift */; };
		FA0C73532EF426AF00B6856F /* Implicit Animations.swift in Sources */ = {isa = PBXBuildFile; fileRef = FA0C73522EF426AF00B6856F /* Implicit Animations.swift */; };
		FA0C73552EF427D000B6856F /* Explicit Animations.swift in Sources */ = {isa = PBXBuildFile; fileRef = FA0C73542EF427D000B6856F /* Explicit Animations.swift */; };
		FA0C73572EF428EF00B6856F /* Animating Bindings.swift in Sources */ = {isa = PBXBuildFile; fileRef = FA0C73562EF428EF00B6856F /* Animating Bindings.swift */; };
		FA0C73592EF42AC400B6856F /* Transition Animations.swift in Sources */ = {isa = PBXBuildFile; fileRef = FA0C73582EF42AC400B6856F /* Transition Animations.swift */; };
		FA0C735B2EF42BD100B6856F /* Animating Complex Views.swift in Sources */ = {isa = PBXBuildFile; fileRef = FA0C735A2EF42BD100B6856F /* Animating Complex Views.swift */; };
		FA0C735D2EF42C9F00B6856F /* Creating Custom Transitions.swift in Sources */ = {isa = PBXBuildFile; fileRef = FA0C735C2EF42C9F00B6856F /* Creating Custom Transitions.swift */; };
		FA19BD892EC8EE600075DE4B /* ApiCall.swift in Sources */ = {isa = PBXBuildFile; fileRef = FA19BD6D2EC8EE600075DE4B /* ApiCall.swift */; };
		FA19BD8A2EC8EE600075DE4B /* BindingPropertyWrapper.swift in Sources */ = {isa = PBXBuildFile; fileRef = FA19BD6F2EC8EE600075DE4B /* BindingPropertyWrapper.swift */; };
		FA19BD8B2EC8EE600075DE4B /* ChangeTimeOfDayView.swift in Sources */ = {isa = PBXBuildFile; fileRef = FA19BD702EC8EE600075DE4B /* ChangeTimeOfDayView.swift */; };
		FA19BD8C2EC8EE600075DE4B /* NavigationStackView.swift in Sources */ = {isa = PBXBuildFile; fileRef = FA19BD722EC8EE600075DE4B /* NavigationStackView.swift */; };
		FA19BD8D2EC8EE600075DE4B /* ChildView.swift in Sources */ = {isa = PBXBuildFile; fileRef = FA19BD742EC8EE600075DE4B /* ChildView.swift */; };
		FA19BD8E2EC8EE600075DE4B /* ParentView.swift in Sources */ = {isa = PBXBuildFile; fileRef = FA19BD752EC8EE600075DE4B /* ParentView.swift */; };
		FA19BD8F2EC8EE600075DE4B /* Example01.swift in Sources */ = {isa = PBXBuildFile; fileRef = FA19BD772EC8EE600075DE4B /* Example01.swift */; };
		FA19BD902EC8EE600075DE4B /* Example02.swift in Sources */ = {isa = PBXBuildFile; fileRef = FA19BD782EC8EE600075DE4B /* Example02.swift */; };
		FA19BD912EC8EE600075DE4B /* Example03.swift in Sources */ = {isa = PBXBuildFile; fileRef = FA19BD792EC8EE600075DE4B /* Example03.swift */; };
		FA19BD922EC8EE600075DE4B /* Example04.swift in Sources */ = {isa = PBXBuildFile; fileRef = FA19BD7A2EC8EE600075DE4B /* Example04.swift */; };
		FA19BD932EC8EE600075DE4B /* StateObjectAndObservedObject.swift in Sources */ = {isa = PBXBuildFile; fileRef = FA19BD7C2EC8EE600075DE4B /* StateObjectAndObservedObject.swift */; };
		FA19BD942EC8EE600075DE4B /* MainView.swift in Sources */ = {isa = PBXBuildFile; fileRef = FA19BD7E2EC8EE600075DE4B /* MainView.swift */; };
		FA19BD952EC8EE600075DE4B /* StateVsObservedObject.swift in Sources */ = {isa = PBXBuildFile; fileRef = FA19BD7F2EC8EE600075DE4B /* StateVsObservedObject.swift */; };
		FA19BD962EC8EE600075DE4B /* StateView.swift in Sources */ = {isa = PBXBuildFile; fileRef = FA19BD812EC8EE600075DE4B /* StateView.swift */; };
		FA19BD972EC8EE600075DE4B /* WeatherAppView.swift in Sources */ = {isa = PBXBuildFile; fileRef = FA19BD832EC8EE600075DE4B /* WeatherAppView.swift */; };
		FA19BD982EC8EE600075DE4B /* WeatherButton.swift in Sources */ = {isa = PBXBuildFile; fileRef = FA19BD842EC8EE600075DE4B /* WeatherButton.swift */; };
		FA19BD992EC8EE600075DE4B /* SwiftUI_PracticeApp.swift in Sources */ = {isa = PBXBuildFile; fileRef = FA19BD872EC8EE600075DE4B /* SwiftUI_PracticeApp.swift */; };
		FA19BD9D2EC909CB0075DE4B /* VSTACKExample.swift in Sources */ = {isa = PBXBuildFile; fileRef = FA19BD9C2EC909CB0075DE4B /* VSTACKExample.swift */; };
		FA19BD9F2EC909E90075DE4B /* HStackExample.swift in Sources */ = {isa = PBXBuildFile; fileRef = FA19BD9E2EC909E90075DE4B /* HStackExample.swift */; };
		FA19BDA12EC90A070075DE4B /* ZSTACKExample.swift in Sources */ = {isa = PBXBuildFile; fileRef = FA19BDA02EC90A070075DE4B /* ZSTACKExample.swift */; };
		FA19BDA32EC90A210075DE4B /* ZStackTask.swift in Sources */ = {isa = PBXBuildFile; fileRef = FA19BDA22EC90A210075DE4B /* ZStackTask.swift */; };
		FA518B632EE891B100D33185 /* GlassAnimations.swift in Sources */ = {isa = PBXBuildFile; fileRef = FA518B622EE891B100D33185 /* GlassAnimations.swift */; };
		FA5EE5932EF566B200156895 /* Post.swift in Sources */ = {isa = PBXBuildFile; fileRef = FA5EE5922EF566B200156895 /* Post.swift */; };
		FA5EE5952EF5673600156895 /* ViewModel.swift in Sources */ = {isa = PBXBuildFile; fileRef = FA5EE5942EF5673600156895 /* ViewModel.swift */; };
		FA5EE5972EF567AB00156895 /* ApiCallingView.swift in Sources */ = {isa = PBXBuildFile; fileRef = FA5EE5962EF567AB00156895 /* ApiCallingView.swift */; };
/* End PBXBuildFile section */

/* Begin PBXFileReference section */
		3884B7712E3D2F4D001BBCF2 /* SwiftUI Practice.app */ = {isa = PBXFileReference; explicitFileType = wrapper.application; includeInIndex = 0; path = "SwiftUI Practice.app"; sourceTree = BUILT_PRODUCTS_DIR; };
		FA0C73142EF3C30900B6856F /* SwiftUI Essentials.swift */ = {isa = PBXFileReference; lastKnownFileType = sourcecode.swift; path = "SwiftUI Essentials.swift"; sourceTree = "<group>"; };
		FA0C73172EF3C5AE00B6856F /* ToDoItem.swift */ = {isa = PBXFileReference; lastKnownFileType = sourcecode.swift; path = ToDoItem.swift; sourceTree = "<group>"; };
		FA0C73192EF3C60500B6856F /* ListView.swift */ = {isa = PBXFileReference; lastKnownFileType = sourcecode.swift; path = ListView.swift; sourceTree = "<group>"; };
		FA0C732B2EF3CE5A00B6856F /* StateManagement.swift */ = {isa = PBXFileReference; lastKnownFileType = sourcecode.swift; path = StateManagement.swift; sourceTree = "<group>"; };
		FA0C73302EF3CFB100B6856F /* ToDo list.swift */ = {isa = PBXFileReference; lastKnownFileType = sourcecode.swift; path = "ToDo list.swift"; sourceTree = "<group>"; };
		FA0C73322EF3DA4A00B6856F /* StateConcept.swift */ = {isa = PBXFileReference; lastKnownFileType = sourcecode.swift; path = StateConcept.swift; sourceTree = "<group>"; };
		FA0C73342EF3DB1000B6856F /* BindingConcept.swift */ = {isa = PBXFileReference; lastKnownFileType = sourcecode.swift; path = BindingConcept.swift; sourceTree = "<group>"; };
		FA0C733C2EF40B6B00B6856F /* ObservedObjectConcept.swift */ = {isa = PBXFileReference; lastKnownFileType = sourcecode.swift; path = ObservedObjectConcept.swift; sourceTree = "<group>"; };
		FA0C733E2EF40C5500B6856F /* StateObjectConcept.swift */ = {isa = PBXFileReference; lastKnownFileType = sourcecode.swift; path = StateObjectConcept.swift; sourceTree = "<group>"; };
		FA0C73402EF40CE000B6856F /* EnvironmentObjectPassingtoChildView.swift */ = {isa = PBXFileReference; lastKnownFileType = sourcecode.swift; path = EnvironmentObjectPassingtoChildView.swift; sourceTree = "<group>"; };
		FA0C73422EF40FE600B6856F /* EnvironmentConcept.swift */ = {isa = PBXFileReference; lastKnownFileType = sourcecode.swift; path = EnvironmentConcept.swift; sourceTree = "<group>"; };
		FA0C73442EF410F100B6856F /* NavigationView and NavigationLink.swift */ = {isa = PBXFileReference; lastKnownFileType = sourcecode.swift; path = "NavigationView and NavigationLink.swift"; sourceTree = "<group>"; };
		FA0C73462EF4126300B6856F /* Presenting Sheets.swift */ = {isa = PBXFileReference; lastKnownFileType = sourcecode.swift; path = "Presenting Sheets.swift"; sourceTree = "<group>"; };
		FA0C73482EF4148200B6856F /* Programmatic Navigation.swift */ = {isa = PBXFileReference; lastKnownFileType = sourcecode.swift; path = "Programmatic Navigation.swift"; sourceTree = "<group>"; };
		FA0C734A2EF4169700B6856F /* FullScreenCover.swift */ = {isa = PBXFileReference; lastKnownFileType = sourcecode.swift; path = FullScreenCover.swift; sourceTree = "<group>"; };
		FA0C734C2EF417BB00B6856F /* Passing Data Using NavigationLink.swift */ = {isa = PBXFileReference; lastKnownFileType = sourcecode.swift; path = "Passing Data Using NavigationLink.swift"; sourceTree = "<group>"; };
		FA0C734E2EF4185700B6856F /* Passing Data Using Sheets.swift */ = {isa = PBXFileReference; lastKnownFileType = sourcecode.swift; path = "Passing Data Using Sheets.swift"; sourceTree = "<group>"; };
		FA0C73502EF425B200B6856F /* Using EnvironmentObject for Shared Data.swift */ = {isa = PBXFileReference; lastKnownFileType = sourcecode.swift; path = "Using EnvironmentObject for Shared Data.swift"; sourceTree = "<group>"; };
		FA0C73522EF426AF00B6856F /* Implicit Animations.swift */ = {isa = PBXFileReference; lastKnownFileType = sourcecode.swift; path = "Implicit Animations.swift"; sourceTree = "<group>"; };
		FA0C73542EF427D000B6856F /* Explicit Animations.swift */ = {isa = PBXFileReference; lastKnownFileType = sourcecode.swift; path = "Explicit Animations.swift"; sourceTree = "<group>"; };
		FA0C73562EF428EF00B6856F /* Animating Bindings.swift */ = {isa = PBXFileReference; lastKnownFileType = sourcecode.swift; path = "Animating Bindings.swift"; sourceTree = "<group>"; };
		FA0C73582EF42AC400B6856F /* Transition Animations.swift */ = {isa = PBXFileReference; lastKnownFileType = sourcecode.swift; path = "Transition Animations.swift"; sourceTree = "<group>"; };
		FA0C735A2EF42BD100B6856F /* Animating Complex Views.swift */ = {isa = PBXFileReference; lastKnownFileType = sourcecode.swift; path = "Animating Complex Views.swift"; sourceTree = "<group>"; };
		FA0C735C2EF42C9F00B6856F /* Creating Custom Transitions.swift */ = {isa = PBXFileReference; lastKnownFileType = sourcecode.swift; path = "Creating Custom Transitions.swift"; sourceTree = "<group>"; };
		FA19BD6D2EC8EE600075DE4B /* ApiCall.swift */ = {isa = PBXFileReference; lastKnownFileType = sourcecode.swift; path = ApiCall.swift; sourceTree = "<group>"; };
		FA19BD6F2EC8EE600075DE4B /* BindingPropertyWrapper.swift */ = {isa = PBXFileReference; lastKnownFileType = sourcecode.swift; path = BindingPropertyWrapper.swift; sourceTree = "<group>"; };
		FA19BD702EC8EE600075DE4B /* ChangeTimeOfDayView.swift */ = {isa = PBXFileReference; lastKnownFileType = sourcecode.swift; path = ChangeTimeOfDayView.swift; sourceTree = "<group>"; };
		FA19BD722EC8EE600075DE4B /* NavigationStackView.swift */ = {isa = PBXFileReference; lastKnownFileType = sourcecode.swift; path = NavigationStackView.swift; sourceTree = "<group>"; };
		FA19BD742EC8EE600075DE4B /* ChildView.swift */ = {isa = PBXFileReference; lastKnownFileType = sourcecode.swift; path = ChildView.swift; sourceTree = "<group>"; };
		FA19BD752EC8EE600075DE4B /* ParentView.swift */ = {isa = PBXFileReference; lastKnownFileType = sourcecode.swift; path = ParentView.swift; sourceTree = "<group>"; };
		FA19BD772EC8EE600075DE4B /* Example01.swift */ = {isa = PBXFileReference; lastKnownFileType = sourcecode.swift; path = Example01.swift; sourceTree = "<group>"; };
		FA19BD782EC8EE600075DE4B /* Example02.swift */ = {isa = PBXFileReference; lastKnownFileType = sourcecode.swift; path = Example02.swift; sourceTree = "<group>"; };
		FA19BD792EC8EE600075DE4B /* Example03.swift */ = {isa = PBXFileReference; lastKnownFileType = sourcecode.swift; path = Example03.swift; sourceTree = "<group>"; };
		FA19BD7A2EC8EE600075DE4B /* Example04.swift */ = {isa = PBXFileReference; lastKnownFileType = sourcecode.swift; path = Example04.swift; sourceTree = "<group>"; };
		FA19BD7C2EC8EE600075DE4B /* StateObjectAndObservedObject.swift */ = {isa = PBXFileReference; lastKnownFileType = sourcecode.swift; path = StateObjectAndObservedObject.swift; sourceTree = "<group>"; };
		FA19BD7E2EC8EE600075DE4B /* MainView.swift */ = {isa = PBXFileReference; lastKnownFileType = sourcecode.swift; path = MainView.swift; sourceTree = "<group>"; };
		FA19BD7F2EC8EE600075DE4B /* StateVsObservedObject.swift */ = {isa = PBXFileReference; lastKnownFileType = sourcecode.swift; path = StateVsObservedObject.swift; sourceTree = "<group>"; };
		FA19BD812EC8EE600075DE4B /* StateView.swift */ = {isa = PBXFileReference; lastKnownFileType = sourcecode.swift; path = StateView.swift; sourceTree = "<group>"; };
		FA19BD832EC8EE600075DE4B /* WeatherAppView.swift */ = {isa = PBXFileReference; lastKnownFileType = sourcecode.swift; path = WeatherAppView.swift; sourceTree = "<group>"; };
		FA19BD842EC8EE600075DE4B /* WeatherButton.swift */ = {isa = PBXFileReference; lastKnownFileType = sourcecode.swift; path = WeatherButton.swift; sourceTree = "<group>"; };
		FA19BD872EC8EE600075DE4B /* SwiftUI_PracticeApp.swift */ = {isa = PBXFileReference; lastKnownFileType = sourcecode.swift; path = SwiftUI_PracticeApp.swift; sourceTree = "<group>"; };
		FA19BD9C2EC909CB0075DE4B /* VSTACKExample.swift */ = {isa = PBXFileReference; lastKnownFileType = sourcecode.swift; path = VSTACKExample.swift; sourceTree = "<group>"; };
		FA19BD9E2EC909E90075DE4B /* HStackExample.swift */ = {isa = PBXFileReference; lastKnownFileType = sourcecode.swift; path = HStackExample.swift; sourceTree = "<group>"; };
		FA19BDA02EC90A070075DE4B /* ZSTACKExample.swift */ = {isa = PBXFileReference; lastKnownFileType = sourcecode.swift; path = ZSTACKExample.swift; sourceTree = "<group>"; };
		FA19BDA22EC90A210075DE4B /* ZStackTask.swift */ = {isa = PBXFileReference; lastKnownFileType = sourcecode.swift; path = ZStackTask.swift; sourceTree = "<group>"; };
		FA518B622EE891B100D33185 /* GlassAnimations.swift */ = {isa = PBXFileReference; lastKnownFileType = sourcecode.swift; path = GlassAnimations.swift; sourceTree = "<group>"; };
		FA5EE5922EF566B200156895 /* Post.swift */ = {isa = PBXFileReference; lastKnownFileType = sourcecode.swift; path = Post.swift; sourceTree = "<group>"; };
		FA5EE5942EF5673600156895 /* ViewModel.swift */ = {isa = PBXFileReference; lastKnownFileType = sourcecode.swift; path = ViewModel.swift; sourceTree = "<group>"; };
		FA5EE5962EF567AB00156895 /* ApiCallingView.swift */ = {isa = PBXFileReference; lastKnownFileType = sourcecode.swift; path = ApiCallingView.swift; sourceTree = "<group>"; };
/* End PBXFileReference section */

/* Begin PBXFileSystemSynchronizedRootGroup section */
		FA5EE5682EF5593100156895 /* MockData */ = {
			isa = PBXFileSystemSynchronizedRootGroup;
			path = MockData;
			sourceTree = "<group>";
		};
		FA5EE5692EF5593500156895 /* VewModel */ = {
			isa = PBXFileSystemSynchronizedRootGroup;
			path = VewModel;
			sourceTree = "<group>";
		};
		FA5EE56A2EF5593800156895 /* View */ = {
			isa = PBXFileSystemSynchronizedRootGroup;
			path = View;
			sourceTree = "<group>";
		};
		FA5EE56B2EF5593D00156895 /* Service */ = {
			isa = PBXFileSystemSynchronizedRootGroup;
			path = Service;
			sourceTree = "<group>";
		};
		FA5EE56C2EF5594000156895 /* Protocol */ = {
			isa = PBXFileSystemSynchronizedRootGroup;
			path = Protocol;
			sourceTree = "<group>";
		};
		FA5EE56D2EF5594300156895 /* Model */ = {
			isa = PBXFileSystemSynchronizedRootGroup;
			path = Model;
			sourceTree = "<group>";
		};
		FA5EE5882EF564E300156895 /* Assets */ = {
			isa = PBXFileSystemSynchronizedRootGroup;
			path = Assets;
			sourceTree = "<group>";
		};
		FA6A4B172EF69C7F0093F5F3 /* ArticlesListView */ = {
			isa = PBXFileSystemSynchronizedRootGroup;
			path = ArticlesListView;
			sourceTree = "<group>";
		};
/* End PBXFileSystemSynchronizedRootGroup section */

/* Begin PBXFrameworksBuildPhase section */
		3884B76E2E3D2F4D001BBCF2 /* Frameworks */ = {
			isa = PBXFrameworksBuildPhase;
			buildActionMask = 2147483647;
			files = (
			);
			runOnlyForDeploymentPostprocessing = 0;
		};
/* End PBXFrameworksBuildPhase section */

/* Begin PBXGroup section */
		3884B7682E3D2F4D001BBCF2 = {
			isa = PBXGroup;
			children = (
				3884B7722E3D2F4D001BBCF2 /* Products */,
				FA19BD882EC8EE600075DE4B /* SwiftUI Practice */,
			);
			sourceTree = "<group>";
		};
		3884B7722E3D2F4D001BBCF2 /* Products */ = {
			isa = PBXGroup;
			children = (
				3884B7712E3D2F4D001BBCF2 /* SwiftUI Practice.app */,
			);
			name = Products;
			sourceTree = "<group>";
		};
		FA0C73132EF3C24B00B6856F /* Basics Concepts */ = {
			isa = PBXGroup;
			children = (
				FA0C73562EF428EF00B6856F /* Animating Bindings.swift */,
				FA0C735A2EF42BD100B6856F /* Animating Complex Views.swift */,
				FA0C73342EF3DB1000B6856F /* BindingConcept.swift */,
				FA0C73422EF40FE600B6856F /* EnvironmentConcept.swift */,
				FA0C73402EF40CE000B6856F /* EnvironmentObjectPassingtoChildView.swift */,
				FA0C73542EF427D000B6856F /* Explicit Animations.swift */,
				FA0C734A2EF4169700B6856F /* FullScreenCover.swift */,
				FA0C73522EF426AF00B6856F /* Implicit Animations.swift */,
				FA0C73442EF410F100B6856F /* NavigationView and NavigationLink.swift */,
				FA0C733C2EF40B6B00B6856F /* ObservedObjectConcept.swift */,
				FA0C734C2EF417BB00B6856F /* Passing Data Using NavigationLink.swift */,
				FA0C734E2EF4185700B6856F /* Passing Data Using Sheets.swift */,
				FA0C73462EF4126300B6856F /* Presenting Sheets.swift */,
				FA0C73482EF4148200B6856F /* Programmatic Navigation.swift */,
				FA0C73322EF3DA4A00B6856F /* StateConcept.swift */,
				FA0C732B2EF3CE5A00B6856F /* StateManagement.swift */,
				FA0C733E2EF40C5500B6856F /* StateObjectConcept.swift */,
				FA0C73142EF3C30900B6856F /* SwiftUI Essentials.swift */,
				FA0C73582EF42AC400B6856F /* Transition Animations.swift */,
				FA0C73502EF425B200B6856F /* Using EnvironmentObject for Shared Data.swift */,
				FA0C735C2EF42C9F00B6856F /* Creating Custom Transitions.swift */,
			);
			path = "Basics Concepts";
			sourceTree = "<group>";
		};
		FA0C73162EF3C57400B6856F /* ToDo List App */ = {
			isa = PBXGroup;
			children = (
				FA0C73172EF3C5AE00B6856F /* ToDoItem.swift */,
				FA0C73192EF3C60500B6856F /* ListView.swift */,
			);
			path = "ToDo List App";
			sourceTree = "<group>";
		};
		FA0C732D2EF3CF7200B6856F /* ToDo list */ = {
			isa = PBXGroup;
			children = (
				FA0C73302EF3CFB100B6856F /* ToDo list.swift */,
			);
			path = "ToDo list";
			sourceTree = "<group>";
		};
		FA19BD6E2EC8EE600075DE4B /* ApiCall */ = {
			isa = PBXGroup;
			children = (
				FA19BD6D2EC8EE600075DE4B /* ApiCall.swift */,
			);
			path = ApiCall;
			sourceTree = "<group>";
		};
		FA19BD712EC8EE600075DE4B /* Binding */ = {
			isa = PBXGroup;
			children = (
				FA19BD6F2EC8EE600075DE4B /* BindingPropertyWrapper.swift */,
				FA19BD702EC8EE600075DE4B /* ChangeTimeOfDayView.swift */,
			);
			path = Binding;
			sourceTree = "<group>";
		};
		FA19BD732EC8EE600075DE4B /* NavigationStack */ = {
			isa = PBXGroup;
			children = (
				FA19BD722EC8EE600075DE4B /* NavigationStackView.swift */,
			);
			path = NavigationStack;
			sourceTree = "<group>";
		};
		FA19BD762EC8EE600075DE4B /* State And Binding Property */ = {
			isa = PBXGroup;
			children = (
				FA19BD742EC8EE600075DE4B /* ChildView.swift */,
				FA19BD752EC8EE600075DE4B /* ParentView.swift */,
			);
			path = "State And Binding Property";
			sourceTree = "<group>";
		};
		FA19BD7B2EC8EE600075DE4B /* StateAndBinding */ = {
			isa = PBXGroup;
			children = (
				FA19BD772EC8EE600075DE4B /* Example01.swift */,
				FA19BD782EC8EE600075DE4B /* Example02.swift */,
				FA19BD792EC8EE600075DE4B /* Example03.swift */,
				FA19BD7A2EC8EE600075DE4B /* Example04.swift */,
			);
			path = StateAndBinding;
			sourceTree = "<group>";
		};
		FA19BD7D2EC8EE600075DE4B /* StateObjectAndObservedObject */ = {
			isa = PBXGroup;
			children = (
				FA19BD7C2EC8EE600075DE4B /* StateObjectAndObservedObject.swift */,
			);
			path = StateObjectAndObservedObject;
			sourceTree = "<group>";
		};
		FA19BD802EC8EE600075DE4B /* StateObjectVsObservedObject */ = {
			isa = PBXGroup;
			children = (
				FA19BD7E2EC8EE600075DE4B /* MainView.swift */,
				FA19BD7F2EC8EE600075DE4B /* StateVsObservedObject.swift */,
			);
			path = StateObjectVsObservedObject;
			sourceTree = "<group>";
		};
		FA19BD822EC8EE600075DE4B /* StateView */ = {
			isa = PBXGroup;
			children = (
				FA19BD812EC8EE600075DE4B /* StateView.swift */,
			);
			path = StateView;
			sourceTree = "<group>";
		};
		FA19BD852EC8EE600075DE4B /* WeatherApp */ = {
			isa = PBXGroup;
			children = (
				FA19BD832EC8EE600075DE4B /* WeatherAppView.swift */,
				FA19BD842EC8EE600075DE4B /* WeatherButton.swift */,
			);
			path = WeatherApp;
			sourceTree = "<group>";
		};
		FA19BD882EC8EE600075DE4B /* SwiftUI Practice */ = {
			isa = PBXGroup;
			children = (
				FA6A4B162EF69C6F0093F5F3 /* EnvironementObject */,
				FA5EE5892EF5666100156895 /* ApiCalling */,
				FA518B612EE8919200D33185 /* Animations */,
				FA19BD6E2EC8EE600075DE4B /* ApiCall */,
				FA5EE5882EF564E300156895 /* Assets */,
				FA0C73132EF3C24B00B6856F /* Basics Concepts */,
				FA19BD712EC8EE600075DE4B /* Binding */,
				FA5EE5662EF558D100156895 /* MockDataTesting */,
				FA19BD732EC8EE600075DE4B /* NavigationStack */,
				FA19BD9B2EC909BC0075DE4B /* StackConcepts */,
				FA19BD762EC8EE600075DE4B /* State And Binding Property */,
				FA19BD7B2EC8EE600075DE4B /* StateAndBinding */,
				FA19BD7D2EC8EE600075DE4B /* StateObjectAndObservedObject */,
				FA19BD802EC8EE600075DE4B /* StateObjectVsObservedObject */,
				FA19BD822EC8EE600075DE4B /* StateView */,
				FA0C732D2EF3CF7200B6856F /* ToDo list */,
				FA0C73162EF3C57400B6856F /* ToDo List App */,
				FA19BD852EC8EE600075DE4B /* WeatherApp */,
				FA19BD872EC8EE600075DE4B /* SwiftUI_PracticeApp.swift */,
			);
			path = "SwiftUI Practice";
			sourceTree = "<group>";
		};
		FA19BD9B2EC909BC0075DE4B /* StackConcepts */ = {
			isa = PBXGroup;
			children = (
				FA19BD9C2EC909CB0075DE4B /* VSTACKExample.swift */,
				FA19BD9E2EC909E90075DE4B /* HStackExample.swift */,
				FA19BDA02EC90A070075DE4B /* ZSTACKExample.swift */,
				FA19BDA22EC90A210075DE4B /* ZStackTask.swift */,
			);
			path = StackConcepts;
			sourceTree = "<group>";
		};
		FA518B612EE8919200D33185 /* Animations */ = {
			isa = PBXGroup;
			children = (
				FA518B622EE891B100D33185 /* GlassAnimations.swift */,
			);
			path = Animations;
			sourceTree = "<group>";
		};
		FA5EE5662EF558D100156895 /* MockDataTesting */ = {
			isa = PBXGroup;
			children = (
				FA5EE56D2EF5594300156895 /* Model */,
				FA5EE56C2EF5594000156895 /* Protocol */,
				FA5EE56B2EF5593D00156895 /* Service */,
				FA5EE56A2EF5593800156895 /* View */,
				FA5EE5692EF5593500156895 /* VewModel */,
				FA5EE5682EF5593100156895 /* MockData */,
			);
			path = MockDataTesting;
			sourceTree = "<group>";
		};
		FA5EE5892EF5666100156895 /* ApiCalling */ = {
			isa = PBXGroup;
			children = (
				FA5EE5922EF566B200156895 /* Post.swift */,
				FA5EE5942EF5673600156895 /* ViewModel.swift */,
				FA5EE5962EF567AB00156895 /* ApiCallingView.swift */,
			);
			path = ApiCalling;
			sourceTree = "<group>";
		};
		FA6A4B162EF69C6F0093F5F3 /* EnvironementObject */ = {
			isa = PBXGroup;
			children = (
				FA6A4B172EF69C7F0093F5F3 /* ArticlesListView */,
			);
			path = EnvironementObject;
			sourceTree = "<group>";
		};
/* End PBXGroup section */

/* Begin PBXNativeTarget section */
		3884B7702E3D2F4D001BBCF2 /* SwiftUI Practice */ = {
			isa = PBXNativeTarget;
			buildConfigurationList = 3884B77C2E3D2F4E001BBCF2 /* Build configuration list for PBXNativeTarget "SwiftUI Practice" */;
			buildPhases = (
				3884B76D2E3D2F4D001BBCF2 /* Sources */,
				3884B76E2E3D2F4D001BBCF2 /* Frameworks */,
				3884B76F2E3D2F4D001BBCF2 /* Resources */,
			);
			buildRules = (
			);
			dependencies = (
			);
			fileSystemSynchronizedGroups = (
				FA5EE5682EF5593100156895 /* MockData */,
				FA5EE5692EF5593500156895 /* VewModel */,
				FA5EE56A2EF5593800156895 /* View */,
				FA5EE56B2EF5593D00156895 /* Service */,
				FA5EE56C2EF5594000156895 /* Protocol */,
				FA5EE56D2EF5594300156895 /* Model */,
				FA5EE5882EF564E300156895 /* Assets */,
				FA6A4B172EF69C7F0093F5F3 /* ArticlesListView */,
			);
			name = "SwiftUI Practice";
			packageProductDependencies = (
			);
			productName = "SwiftUI Practice";
			productReference = 3884B7712E3D2F4D001BBCF2 /* SwiftUI Practice.app */;
			productType = "com.apple.product-type.application";
		};
/* End PBXNativeTarget section */

/* Begin PBXProject section */
		3884B7692E3D2F4D001BBCF2 /* Project object */ = {
			isa = PBXProject;
			attributes = {
				BuildIndependentTargetsInParallel = 1;
				LastSwiftUpdateCheck = 2600;
				LastUpgradeCheck = 2600;
				TargetAttributes = {
					3884B7702E3D2F4D001BBCF2 = {
						CreatedOnToolsVersion = 26.0;
					};
				};
			};
			buildConfigurationList = 3884B76C2E3D2F4D001BBCF2 /* Build configuration list for PBXProject "SwiftUI Practice" */;
			developmentRegion = en;
			hasScannedForEncodings = 0;
			knownRegions = (
				en,
				Base,
			);
			mainGroup = 3884B7682E3D2F4D001BBCF2;
			minimizedProjectReferenceProxies = 1;
			preferredProjectObjectVersion = 77;
			productRefGroup = 3884B7722E3D2F4D001BBCF2 /* Products */;
			projectDirPath = "";
			projectRoot = "";
			targets = (
				3884B7702E3D2F4D001BBCF2 /* SwiftUI Practice */,
			);
		};
/* End PBXProject section */

/* Begin PBXResourcesBuildPhase section */
		3884B76F2E3D2F4D001BBCF2 /* Resources */ = {
			isa = PBXResourcesBuildPhase;
			buildActionMask = 2147483647;
			files = (
			);
			runOnlyForDeploymentPostprocessing = 0;
		};
/* End PBXResourcesBuildPhase section */

/* Begin PBXSourcesBuildPhase section */
		3884B76D2E3D2F4D001BBCF2 /* Sources */ = {
			isa = PBXSourcesBuildPhase;
			buildActionMask = 2147483647;
			files = (
				FA5EE5952EF5673600156895 /* ViewModel.swift in Sources */,
				FA0C734D2EF417BB00B6856F /* Passing Data Using NavigationLink.swift in Sources */,
				FA19BD892EC8EE600075DE4B /* ApiCall.swift in Sources */,
				FA0C73312EF3CFB100B6856F /* ToDo list.swift in Sources */,
				FA19BD8A2EC8EE600075DE4B /* BindingPropertyWrapper.swift in Sources */,
				FA19BD8B2EC8EE600075DE4B /* ChangeTimeOfDayView.swift in Sources */,
				FA19BD8C2EC8EE600075DE4B /* NavigationStackView.swift in Sources */,
				FA0C73452EF410F100B6856F /* NavigationView and NavigationLink.swift in Sources */,
				FA0C73152EF3C30900B6856F /* SwiftUI Essentials.swift in Sources */,
				FA0C73432EF40FE600B6856F /* EnvironmentConcept.swift in Sources */,
				FA0C73512EF425B200B6856F /* Using EnvironmentObject for Shared Data.swift in Sources */,
				FA19BD8D2EC8EE600075DE4B /* ChildView.swift in Sources */,
				FA19BDA32EC90A210075DE4B /* ZStackTask.swift in Sources */,
				FA0C731A2EF3C60500B6856F /* ListView.swift in Sources */,
				FA0C735D2EF42C9F00B6856F /* Creating Custom Transitions.swift in Sources */,
				FA19BD8E2EC8EE600075DE4B /* ParentView.swift in Sources */,
				FA19BD8F2EC8EE600075DE4B /* Example01.swift in Sources */,
				FA5EE5972EF567AB00156895 /* ApiCallingView.swift in Sources */,
				FA5EE5932EF566B200156895 /* Post.swift in Sources */,
				FA19BD902EC8EE600075DE4B /* Example02.swift in Sources */,
				FA0C73532EF426AF00B6856F /* Implicit Animations.swift in Sources */,
				FA19BD912EC8EE600075DE4B /* Example03.swift in Sources */,
				FA19BD922EC8EE600075DE4B /* Example04.swift in Sources */,
				FA19BDA12EC90A070075DE4B /* ZSTACKExample.swift in Sources */,
				FA0C73472EF4126300B6856F /* Presenting Sheets.swift in Sources */,
				FA19BD9F2EC909E90075DE4B /* HStackExample.swift in Sources */,
				FA0C73182EF3C5AE00B6856F /* ToDoItem.swift in Sources */,
				FA19BD932EC8EE600075DE4B /* StateObjectAndObservedObject.swift in Sources */,
				FA0C73412EF40CE000B6856F /* EnvironmentObjectPassingtoChildView.swift in Sources */,
				FA19BD9D2EC909CB0075DE4B /* VSTACKExample.swift in Sources */,
				FA0C73352EF3DB1000B6856F /* BindingConcept.swift in Sources */,
				FA0C732C2EF3CE5A00B6856F /* StateManagement.swift in Sources */,
				FA0C733D2EF40B6B00B6856F /* ObservedObjectConcept.swift in Sources */,
				FA0C733F2EF40C5500B6856F /* StateObjectConcept.swift in Sources */,
				FA518B632EE891B100D33185 /* GlassAnimations.swift in Sources */,
				FA0C735B2EF42BD100B6856F /* Animating Complex Views.swift in Sources */,
				FA19BD942EC8EE600075DE4B /* MainView.swift in Sources */,
				FA19BD952EC8EE600075DE4B /* StateVsObservedObject.swift in Sources */,
				FA0C73492EF4148200B6856F /* Programmatic Navigation.swift in Sources */,
				FA0C73592EF42AC400B6856F /* Transition Animations.swift in Sources */,
				FA0C734B2EF4169700B6856F /* FullScreenCover.swift in Sources */,
				FA19BD962EC8EE600075DE4B /* StateView.swift in Sources */,
				FA0C734F2EF4185700B6856F /* Passing Data Using Sheets.swift in Sources */,
				FA19BD972EC8EE600075DE4B /* WeatherAppView.swift in Sources */,
				FA19BD982EC8EE600075DE4B /* WeatherButton.swift in Sources */,
				FA19BD992EC8EE600075DE4B /* SwiftUI_PracticeApp.swift in Sources */,
				FA0C73572EF428EF00B6856F /* Animating Bindings.swift in Sources */,
				FA0C73332EF3DA4A00B6856F /* StateConcept.swift in Sources */,
				FA0C73552EF427D000B6856F /* Explicit Animations.swift in Sources */,
			);
			runOnlyForDeploymentPostprocessing = 0;
		};
/* End PBXSourcesBuildPhase section */

/* Begin XCBuildConfiguration section */
		3884B77A2E3D2F4E001BBCF2 /* Debug */ = {
			isa = XCBuildConfiguration;
			buildSettings = {
				ALWAYS_SEARCH_USER_PATHS = NO;
				ASSETCATALOG_COMPILER_GENERATE_SWIFT_ASSET_SYMBOL_EXTENSIONS = YES;
				CLANG_ANALYZER_NONNULL = YES;
				CLANG_ANALYZER_NUMBER_OBJECT_CONVERSION = YES_AGGRESSIVE;
				CLANG_CXX_LANGUAGE_STANDARD = "gnu++20";
				CLANG_ENABLE_MODULES = YES;
				CLANG_ENABLE_OBJC_ARC = YES;
				CLANG_ENABLE_OBJC_WEAK = YES;
				CLANG_WARN_BLOCK_CAPTURE_AUTORELEASING = YES;
				CLANG_WARN_BOOL_CONVERSION = YES;
				CLANG_WARN_COMMA = YES;
				CLANG_WARN_CONSTANT_CONVERSION = YES;
				CLANG_WARN_DEPRECATED_OBJC_IMPLEMENTATIONS = YES;
				CLANG_WARN_DIRECT_OBJC_ISA_USAGE = YES_ERROR;
				CLANG_WARN_DOCUMENTATION_COMMENTS = YES;
				CLANG_WARN_EMPTY_BODY = YES;
				CLANG_WARN_ENUM_CONVERSION = YES;
				CLANG_WARN_INFINITE_RECURSION = YES;
				CLANG_WARN_INT_CONVERSION = YES;
				CLANG_WARN_NON_LITERAL_NULL_CONVERSION = YES;
				CLANG_WARN_OBJC_IMPLICIT_RETAIN_SELF = YES;
				CLANG_WARN_OBJC_LITERAL_CONVERSION = YES;
				CLANG_WARN_OBJC_ROOT_CLASS = YES_ERROR;
				CLANG_WARN_QUOTED_INCLUDE_IN_FRAMEWORK_HEADER = YES;
				CLANG_WARN_RANGE_LOOP_ANALYSIS = YES;
				CLANG_WARN_STRICT_PROTOTYPES = YES;
				CLANG_WARN_SUSPICIOUS_MOVE = YES;
				CLANG_WARN_UNGUARDED_AVAILABILITY = YES_AGGRESSIVE;
				CLANG_WARN_UNREACHABLE_CODE = YES;
				CLANG_WARN__DUPLICATE_METHOD_MATCH = YES;
				COPY_PHASE_STRIP = NO;
				DEBUG_INFORMATION_FORMAT = dwarf;
				DEVELOPMENT_TEAM = 3TL83G4867;
				ENABLE_STRICT_OBJC_MSGSEND = YES;
				ENABLE_TESTABILITY = YES;
				ENABLE_USER_SCRIPT_SANDBOXING = YES;
				GCC_C_LANGUAGE_STANDARD = gnu17;
				GCC_DYNAMIC_NO_PIC = NO;
				GCC_NO_COMMON_BLOCKS = YES;
				GCC_OPTIMIZATION_LEVEL = 0;
				GCC_PREPROCESSOR_DEFINITIONS = (
					"DEBUG=1",
					"$(inherited)",
				);
				GCC_WARN_64_TO_32_BIT_CONVERSION = YES;
				GCC_WARN_ABOUT_RETURN_TYPE = YES_ERROR;
				GCC_WARN_UNDECLARED_SELECTOR = YES;
				GCC_WARN_UNINITIALIZED_AUTOS = YES_AGGRESSIVE;
				GCC_WARN_UNUSED_FUNCTION = YES;
				GCC_WARN_UNUSED_VARIABLE = YES;
				IPHONEOS_DEPLOYMENT_TARGET = 26.0;
				LOCALIZATION_PREFERS_STRING_CATALOGS = YES;
				MTL_ENABLE_DEBUG_INFO = INCLUDE_SOURCE;
				MTL_FAST_MATH = YES;
				ONLY_ACTIVE_ARCH = YES;
				SDKROOT = iphoneos;
				SWIFT_ACTIVE_COMPILATION_CONDITIONS = "DEBUG $(inherited)";
				SWIFT_OPTIMIZATION_LEVEL = "-Onone";
			};
			name = Debug;
		};
		3884B77B2E3D2F4E001BBCF2 /* Release */ = {
			isa = XCBuildConfiguration;
			buildSettings = {
				ALWAYS_SEARCH_USER_PATHS = NO;
				ASSETCATALOG_COMPILER_GENERATE_SWIFT_ASSET_SYMBOL_EXTENSIONS = YES;
				CLANG_ANALYZER_NONNULL = YES;
				CLANG_ANALYZER_NUMBER_OBJECT_CONVERSION = YES_AGGRESSIVE;
				CLANG_CXX_LANGUAGE_STANDARD = "gnu++20";
				CLANG_ENABLE_MODULES = YES;
				CLANG_ENABLE_OBJC_ARC = YES;
				CLANG_ENABLE_OBJC_WEAK = YES;
				CLANG_WARN_BLOCK_CAPTURE_AUTORELEASING = YES;
				CLANG_WARN_BOOL_CONVERSION = YES;
				CLANG_WARN_COMMA = YES;
				CLANG_WARN_CONSTANT_CONVERSION = YES;
				CLANG_WARN_DEPRECATED_OBJC_IMPLEMENTATIONS = YES;
				CLANG_WARN_DIRECT_OBJC_ISA_USAGE = YES_ERROR;
				CLANG_WARN_DOCUMENTATION_COMMENTS = YES;
				CLANG_WARN_EMPTY_BODY = YES;
				CLANG_WARN_ENUM_CONVERSION = YES;
				CLANG_WARN_INFINITE_RECURSION = YES;
				CLANG_WARN_INT_CONVERSION = YES;
				CLANG_WARN_NON_LITERAL_NULL_CONVERSION = YES;
				CLANG_WARN_OBJC_IMPLICIT_RETAIN_SELF = YES;
				CLANG_WARN_OBJC_LITERAL_CONVERSION = YES;
				CLANG_WARN_OBJC_ROOT_CLASS = YES_ERROR;
				CLANG_WARN_QUOTED_INCLUDE_IN_FRAMEWORK_HEADER = YES;
				CLANG_WARN_RANGE_LOOP_ANALYSIS = YES;
				CLANG_WARN_STRICT_PROTOTYPES = YES;
				CLANG_WARN_SUSPICIOUS_MOVE = YES;
				CLANG_WARN_UNGUARDED_AVAILABILITY = YES_AGGRESSIVE;
				CLANG_WARN_UNREACHABLE_CODE = YES;
				CLANG_WARN__DUPLICATE_METHOD_MATCH = YES;
				COPY_PHASE_STRIP = NO;
				DEBUG_INFORMATION_FORMAT = "dwarf-with-dsym";
				DEVELOPMENT_TEAM = 3TL83G4867;
				ENABLE_NS_ASSERTIONS = NO;
				ENABLE_STRICT_OBJC_MSGSEND = YES;
				ENABLE_USER_SCRIPT_SANDBOXING = YES;
				GCC_C_LANGUAGE_STANDARD = gnu17;
				GCC_NO_COMMON_BLOCKS = YES;
				GCC_WARN_64_TO_32_BIT_CONVERSION = YES;
				GCC_WARN_ABOUT_RETURN_TYPE = YES_ERROR;
				GCC_WARN_UNDECLARED_SELECTOR = YES;
				GCC_WARN_UNINITIALIZED_AUTOS = YES_AGGRESSIVE;
				GCC_WARN_UNUSED_FUNCTION = YES;
				GCC_WARN_UNUSED_VARIABLE = YES;
				IPHONEOS_DEPLOYMENT_TARGET = 26.0;
				LOCALIZATION_PREFERS_STRING_CATALOGS = YES;
				MTL_ENABLE_DEBUG_INFO = NO;
				MTL_FAST_MATH = YES;
				SDKROOT = iphoneos;
				SWIFT_COMPILATION_MODE = wholemodule;
				VALIDATE_PRODUCT = YES;
			};
			name = Release;
		};
		3884B77D2E3D2F4E001BBCF2 /* Debug */ = {
			isa = XCBuildConfiguration;
			buildSettings = {
				ASSETCATALOG_COMPILER_APPICON_NAME = AppIcon;
				ASSETCATALOG_COMPILER_GLOBAL_ACCENT_COLOR_NAME = AccentColor;
				CODE_SIGN_STYLE = Automatic;
				CURRENT_PROJECT_VERSION = 1;
				DEVELOPMENT_TEAM = C8744QQHTB;
				ENABLE_PREVIEWS = YES;
				GENERATE_INFOPLIST_FILE = YES;
				INFOPLIST_KEY_UIApplicationSceneManifest_Generation = YES;
				INFOPLIST_KEY_UIApplicationSupportsIndirectInputEvents = YES;
				INFOPLIST_KEY_UILaunchScreen_Generation = YES;
				INFOPLIST_KEY_UISupportedInterfaceOrientations_iPad = "UIInterfaceOrientationPortrait UIInterfaceOrientationPortraitUpsideDown UIInterfaceOrientationLandscapeLeft UIInterfaceOrientationLandscapeRight";
				INFOPLIST_KEY_UISupportedInterfaceOrientations_iPhone = "UIInterfaceOrientationPortrait UIInterfaceOrientationLandscapeLeft UIInterfaceOrientationLandscapeRight";
				IPHONEOS_DEPLOYMENT_TARGET = 18.0;
				LD_RUNPATH_SEARCH_PATHS = (
					"$(inherited)",
					"@executable_path/Frameworks",
				);
				MARKETING_VERSION = 1.0;
				PRODUCT_BUNDLE_IDENTIFIER = "zahid.SwiftUI-Practice";
				PRODUCT_NAME = "$(TARGET_NAME)";
				STRING_CATALOG_GENERATE_SYMBOLS = YES;
				SWIFT_DEFAULT_ACTOR_ISOLATION = MainActor;
				SWIFT_EMIT_LOC_STRINGS = YES;
				SWIFT_UPCOMING_FEATURE_MEMBER_IMPORT_VISIBILITY = YES;
				SWIFT_VERSION = 5.0;
				TARGETED_DEVICE_FAMILY = "1,2";
			};
			name = Debug;
		};
		3884B77E2E3D2F4E001BBCF2 /* Release */ = {
			isa = XCBuildConfiguration;
			buildSettings = {
				ASSETCATALOG_COMPILER_APPICON_NAME = AppIcon;
				ASSETCATALOG_COMPILER_GLOBAL_ACCENT_COLOR_NAME = AccentColor;
				CODE_SIGN_STYLE = Automatic;
				CURRENT_PROJECT_VERSION = 1;
				DEVELOPMENT_TEAM = C8744QQHTB;
				ENABLE_PREVIEWS = YES;
				GENERATE_INFOPLIST_FILE = YES;
				INFOPLIST_KEY_UIApplicationSceneManifest_Generation = YES;
				INFOPLIST_KEY_UIApplicationSupportsIndirectInputEvents = YES;
				INFOPLIST_KEY_UILaunchScreen_Generation = YES;
				INFOPLIST_KEY_UISupportedInterfaceOrientations_iPad = "UIInterfaceOrientationPortrait UIInterfaceOrientationPortraitUpsideDown UIInterfaceOrientationLandscapeLeft UIInterfaceOrientationLandscapeRight";
				INFOPLIST_KEY_UISupportedInterfaceOrientations_iPhone = "UIInterfaceOrientationPortrait UIInterfaceOrientationLandscapeLeft UIInterfaceOrientationLandscapeRight";
				IPHONEOS_DEPLOYMENT_TARGET = 18.0;
				LD_RUNPATH_SEARCH_PATHS = (
					"$(inherited)",
					"@executable_path/Frameworks",
				);
				MARKETING_VERSION = 1.0;
				PRODUCT_BUNDLE_IDENTIFIER = "zahid.SwiftUI-Practice";
				PRODUCT_NAME = "$(TARGET_NAME)";
				STRING_CATALOG_GENERATE_SYMBOLS = YES;
				SWIFT_DEFAULT_ACTOR_ISOLATION = MainActor;
				SWIFT_EMIT_LOC_STRINGS = YES;
				SWIFT_UPCOMING_FEATURE_MEMBER_IMPORT_VISIBILITY = YES;
				SWIFT_VERSION = 5.0;
				TARGETED_DEVICE_FAMILY = "1,2";
			};
			name = Release;
		};
/* End XCBuildConfiguration section */

/* Begin XCConfigurationList section */
		3884B76C2E3D2F4D001BBCF2 /* Build configuration list for PBXProject "SwiftUI Practice" */ = {
			isa = XCConfigurationList;
			buildConfigurations = (
				3884B77A2E3D2F4E001BBCF2 /* Debug */,
				3884B77B2E3D2F4E001BBCF2 /* Release */,
			);
			defaultConfigurationIsVisible = 0;
			defaultConfigurationName = Release;
		};
		3884B77C2E3D2F4E001BBCF2 /* Build configuration list for PBXNativeTarget "SwiftUI Practice" */ = {
			isa = XCConfigurationList;
			buildConfigurations = (
				3884B77D2E3D2F4E001BBCF2 /* Debug */,
				3884B77E2E3D2F4E001BBCF2 /* Release */,
			);
			defaultConfigurationIsVisible = 0;
			defaultConfigurationName = Release;
		};
/* End XCConfigurationList section */
	};
	rootObject = 3884B7692E3D2F4D001BBCF2 /* Project object */;
}
